
Microsoft Visual Studio Solution File, Format Version 12.00
# Visual Studio 14
VisualStudioVersion = 14.0.23107.0
MinimumVisualStudioVersion = 10.0.40219.1
Project("{FAE04EC0-301F-11D3-BF4B-00C04F79EFBC}") = "BDDWpf", "BDDWpf\BDDWpf.csproj", "{359C3011-BFF8-4A8D-B85D-DD138A91BC40}"
EndProject
Project("{FAE04EC0-301F-11D3-BF4B-00C04F79EFBC}") = "WindowsWpf", "WindowsWpf\WindowsWpf.csproj", "{A33CEC3D-5B34-40CF-AFC0-B40A8F454469}"
EndProject
Project("{FAE04EC0-301F-11D3-BF4B-00C04F79EFBC}") = "TestBDD", "TestBDD\TestBDD.csproj", "{BE72F050-E62D-4E1F-ACC2-958727D9E5B0}"
EndProject
Project("{FAE04EC0-301F-11D3-BF4B-00C04F79EFBC}") = "GameEngine", "GameEngine\GameEngine.csproj", "{9CFB8214-5261-499F-9264-A6D7BBDE9487}"
EndProject
Project("{FAE04EC0-301F-11D3-BF4B-00C04F79EFBC}") = "GameGeneratorV2", "GameGeneratorV2\GameGeneratorV2.csproj", "{F371B779-91A6-4C35-A3E4-214FB4B26220}"
EndProject
Global
	GlobalSection(SolutionConfigurationPlatforms) = preSolution
		Debug|Any CPU = Debug|Any CPU
		Release|Any CPU = Release|Any CPU
	EndGlobalSection
	GlobalSection(ProjectConfigurationPlatforms) = postSolution
		{359C3011-BFF8-4A8D-B85D-DD138A91BC40}.Debug|Any CPU.ActiveCfg = Debug|Any CPU
		{359C3011-BFF8-4A8D-B85D-DD138A91BC40}.Debug|Any CPU.Build.0 = Debug|Any CPU
		{359C3011-BFF8-4A8D-B85D-DD138A91BC40}.Release|Any CPU.ActiveCfg = Release|Any CPU
		{359C3011-BFF8-4A8D-B85D-DD138A91BC40}.Release|Any CPU.Build.0 = Release|Any CPU
		{A33CEC3D-5B34-40CF-AFC0-B40A8F454469}.Debug|Any CPU.ActiveCfg = Debug|Any CPU
		{A33CEC3D-5B34-40CF-AFC0-B40A8F454469}.Debug|Any CPU.Build.0 = Debug|Any CPU
		{A33CEC3D-5B34-40CF-AFC0-B40A8F454469}.Release|Any CPU.ActiveCfg = Release|Any CPU
		{A33CEC3D-5B34-40CF-AFC0-B40A8F454469}.Release|Any CPU.Build.0 = Release|Any CPU
		{BE72F050-E62D-4E1F-ACC2-958727D9E5B0}.Debug|Any CPU.ActiveCfg = Debug|Any CPU
		{BE72F050-E62D-4E1F-ACC2-958727D9E5B0}.Debug|Any CPU.Build.0 = Debug|Any CPU
		{BE72F050-E62D-4E1F-ACC2-958727D9E5B0}.Release|Any CPU.ActiveCfg = Release|Any CPU
		{BE72F050-E62D-4E1F-ACC2-958727D9E5B0}.Release|Any CPU.Build.0 = Release|Any CPU
		{9CFB8214-5261-499F-9264-A6D7BBDE9487}.Debug|Any CPU.ActiveCfg = Debug|Any CPU
		{9CFB8214-5261-499F-9264-A6D7BBDE9487}.Debug|Any CPU.Build.0 = Debug|Any CPU
		{9CFB8214-5261-499F-9264-A6D7BBDE9487}.Release|Any CPU.ActiveCfg = Release|Any CPU
		{9CFB8214-5261-499F-9264-A6D7BBDE9487}.Release|Any CPU.Build.0 = Release|Any CPU
		{F371B779-91A6-4C35-A3E4-214FB4B26220}.Debug|Any CPU.ActiveCfg = Debug|Any CPU
		{F371B779-91A6-4C35-A3E4-214FB4B26220}.Debug|Any CPU.Build.0 = Debug|Any CPU
		{F371B779-91A6-4C35-A3E4-214FB4B26220}.Release|Any CPU.ActiveCfg = Release|Any CPU
		{F371B779-91A6-4C35-A3E4-214FB4B26220}.Release|Any CPU.Build.0 = Release|Any CPU
	EndGlobalSection
	GlobalSection(SolutionProperties) = preSolution
		HideSolutionNode = FALSE
	EndGlobalSection
EndGlobal
